
Microsoft Visual Studio Solution File, Format Version 12.00
# Visual Studio Version 16
VisualStudioVersion = 16.0.33801.447
MinimumVisualStudioVersion = 10.0.40219.1
Project("{FAE04EC0-301F-11D3-BF4B-00C04F79EFBC}") = "ASGEMSPS_v2_2023", "ASGEMSPS_v2_2023\ASGEMSPS_v2_2023.csproj", "{41EB2381-294A-4E01-B6A5-898C319CFC77}"
EndProject
Global
	GlobalSection(SolutionConfigurationPlatforms) = preSolution
		Debug|Any CPU = Debug|Any CPU
		Release|Any CPU = Release|Any CPU
	EndGlobalSection
	GlobalSection(ProjectConfigurationPlatforms) = postSolution
		{41EB2381-294A-4E01-B6A5-898C319CFC77}.Debug|Any CPU.ActiveCfg = Debug|Any CPU
		{41EB2381-294A-4E01-B6A5-898C319CFC77}.Debug|Any CPU.Build.0 = Debug|Any CPU
		{41EB2381-294A-4E01-B6A5-898C319CFC77}.Release|Any CPU.ActiveCfg = Release|Any CPU
		{41EB2381-294A-4E01-B6A5-898C319CFC77}.Release|Any CPU.Build.0 = Release|Any CPU
	EndGlobalSection
	GlobalSection(SolutionProperties) = preSolution
		HideSolutionNode = FALSE
	EndGlobalSection
	GlobalSection(ExtensibilityGlobals) = postSolution
		SolutionGuid = {8DC67EBD-7B75-46A6-A675-BC40FF858AEB}
	EndGlobalSection
EndGlobal
